// !$*UTF8*$!
{
	archiveVersion = 1;
	classes = {
	};
	objectVersion = 46;
	objects = {

/* Begin PBXBuildFile section */
		286B708418265FE300B88813 /* SKMapAnnotation.m in Sources */ = {isa = PBXBuildFile; fileRef = 286B708318265FE300B88813 /* SKMapAnnotation.m */; };
		28ACD5EC18267AD2001D8573 /* MKAnnotationView+WebCache.m in Sources */ = {isa = PBXBuildFile; fileRef = 28ACD5D018267AD2001D8573 /* MKAnnotationView+WebCache.m */; };
		28ACD5ED18267AD2001D8573 /* NSData+GIF.m in Sources */ = {isa = PBXBuildFile; fileRef = 28ACD5D218267AD2001D8573 /* NSData+GIF.m */; };
		28ACD5EE18267AD2001D8573 /* SDImageCache.m in Sources */ = {isa = PBXBuildFile; fileRef = 28ACD5D418267AD2001D8573 /* SDImageCache.m */; };
		28ACD5EF18267AD2001D8573 /* SDWebImageCompat.m in Sources */ = {isa = PBXBuildFile; fileRef = 28ACD5D618267AD2001D8573 /* SDWebImageCompat.m */; };
		28ACD5F018267AD2001D8573 /* SDWebImageDecoder.m in Sources */ = {isa = PBXBuildFile; fileRef = 28ACD5D818267AD2001D8573 /* SDWebImageDecoder.m */; };
		28ACD5F118267AD2001D8573 /* SDWebImageDownloader.m in Sources */ = {isa = PBXBuildFile; fileRef = 28ACD5DA18267AD2001D8573 /* SDWebImageDownloader.m */; };
		28ACD5F218267AD2001D8573 /* SDWebImageDownloaderOperation.m in Sources */ = {isa = PBXBuildFile; fileRef = 28ACD5DC18267AD2001D8573 /* SDWebImageDownloaderOperation.m */; };
		28ACD5F318267AD2001D8573 /* SDWebImageManager.m in Sources */ = {isa = PBXBuildFile; fileRef = 28ACD5DE18267AD2001D8573 /* SDWebImageManager.m */; };
		28ACD5F418267AD2001D8573 /* SDWebImagePrefetcher.m in Sources */ = {isa = PBXBuildFile; fileRef = 28ACD5E118267AD2001D8573 /* SDWebImagePrefetcher.m */; };
		28ACD5F518267AD2001D8573 /* UIButton+WebCache.m in Sources */ = {isa = PBXBuildFile; fileRef = 28ACD5E318267AD2001D8573 /* UIButton+WebCache.m */; };
		28ACD5F618267AD2001D8573 /* UIImage+GIF.m in Sources */ = {isa = PBXBuildFile; fileRef = 28ACD5E518267AD2001D8573 /* UIImage+GIF.m */; };
		28ACD5F718267AD2001D8573 /* UIImage+MultiFormat.m in Sources */ = {isa = PBXBuildFile; fileRef = 28ACD5E718267AD2001D8573 /* UIImage+MultiFormat.m */; };
		28ACD5F818267AD2001D8573 /* UIImage+WebP.m in Sources */ = {isa = PBXBuildFile; fileRef = 28ACD5E918267AD2001D8573 /* UIImage+WebP.m */; };
		28ACD5F918267AD2001D8573 /* UIImageView+WebCache.m in Sources */ = {isa = PBXBuildFile; fileRef = 28ACD5EB18267AD2001D8573 /* UIImageView+WebCache.m */; };
		28ACD5FB1826B206001D8573 /* loading.png in Resources */ = {isa = PBXBuildFile; fileRef = 28ACD5FA1826B206001D8573 /* loading.png */; };
		28ACD5FD1826B49D001D8573 /* bluecircle.png in Resources */ = {isa = PBXBuildFile; fileRef = 28ACD5FC1826B49D001D8573 /* bluecircle.png */; };
		28BC6ADF1826108100ACBFBC /* PBServerConnector.m in Sources */ = {isa = PBXBuildFile; fileRef = 28BC6ADE1826108100ACBFBC /* PBServerConnector.m */; };
		28BC6AE218261DC200ACBFBC /* SKCluster.m in Sources */ = {isa = PBXBuildFile; fileRef = 28BC6AE118261DC200ACBFBC /* SKCluster.m */; };
		C40D67B21825FB6F00CF0CCD /* TimelineDetailViewController.m in Sources */ = {isa = PBXBuildFile; fileRef = C40D67B11825FB6F00CF0CCD /* TimelineDetailViewController.m */; };
		C40D67E018261F1700CF0CCD /* AVFoundation.framework in Frameworks */ = {isa = PBXBuildFile; fileRef = C40D67DF18261F1700CF0CCD /* AVFoundation.framework */; };
		C40D67E218261F2100CF0CCD /* ImageIO.framework in Frameworks */ = {isa = PBXBuildFile; fileRef = C40D67E118261F2100CF0CCD /* ImageIO.framework */; };
		C40D67E518261F5300CF0CCD /* PBAPI.m in Sources */ = {isa = PBXBuildFile; fileRef = C40D67E418261F5300CF0CCD /* PBAPI.m */; };
		C40D67E618261F5300CF0CCD /* PBAPI.m in Sources */ = {isa = PBXBuildFile; fileRef = C40D67E418261F5300CF0CCD /* PBAPI.m */; };
		C40D67E91826223500CF0CCD /* PBCaptureViewController.m in Sources */ = {isa = PBXBuildFile; fileRef = C40D67E81826223500CF0CCD /* PBCaptureViewController.m */; };
		C40D67EA1826223500CF0CCD /* PBCaptureViewController.m in Sources */ = {isa = PBXBuildFile; fileRef = C40D67E81826223500CF0CCD /* PBCaptureViewController.m */; };
		C40FFAFD1825647D00E75793 /* DropAnimationController.m in Sources */ = {isa = PBXBuildFile; fileRef = C40FFAFA1825647D00E75793 /* DropAnimationController.m */; };
		C40FFAFE1825647D00E75793 /* ZoomAnimationController.m in Sources */ = {isa = PBXBuildFile; fileRef = C40FFAFC1825647D00E75793 /* ZoomAnimationController.m */; };
		C40FFB011825677E00E75793 /* WhatsHotViewController.m in Sources */ = {isa = PBXBuildFile; fileRef = C40FFB001825677E00E75793 /* WhatsHotViewController.m */; };
		C46608EE1825DA1B00061499 /* TimelineCell.m in Sources */ = {isa = PBXBuildFile; fileRef = C46608ED1825DA1A00061499 /* TimelineCell.m */; };
		C46608EF1825DA1B00061499 /* TimelineCell.m in Sources */ = {isa = PBXBuildFile; fileRef = C46608ED1825DA1A00061499 /* TimelineCell.m */; };
		C477E0741825D75600E5C230 /* TimelineViewController.m in Sources */ = {isa = PBXBuildFile; fileRef = C477E0731825D75600E5C230 /* TimelineViewController.m */; };
		C477E0751825D75600E5C230 /* TimelineViewController.m in Sources */ = {isa = PBXBuildFile; fileRef = C477E0731825D75600E5C230 /* TimelineViewController.m */; };
		C4AFE0F3182508520003135A /* Foundation.framework in Frameworks */ = {isa = PBXBuildFile; fileRef = C4AFE0F2182508520003135A /* Foundation.framework */; };
		C4AFE0F5182508520003135A /* CoreGraphics.framework in Frameworks */ = {isa = PBXBuildFile; fileRef = C4AFE0F4182508520003135A /* CoreGraphics.framework */; };
		C4AFE0F7182508520003135A /* UIKit.framework in Frameworks */ = {isa = PBXBuildFile; fileRef = C4AFE0F6182508520003135A /* UIKit.framework */; };
		C4AFE0FD182508520003135A /* InfoPlist.strings in Resources */ = {isa = PBXBuildFile; fileRef = C4AFE0FB182508520003135A /* InfoPlist.strings */; };
		C4AFE0FF182508520003135A /* main.m in Sources */ = {isa = PBXBuildFile; fileRef = C4AFE0FE182508520003135A /* main.m */; };
		C4AFE103182508520003135A /* AppDelegate.m in Sources */ = {isa = PBXBuildFile; fileRef = C4AFE102182508520003135A /* AppDelegate.m */; };
		C4AFE106182508520003135A /* Main.storyboard in Resources */ = {isa = PBXBuildFile; fileRef = C4AFE104182508520003135A /* Main.storyboard */; };
		C4AFE109182508520003135A /* ViewController.m in Sources */ = {isa = PBXBuildFile; fileRef = C4AFE108182508520003135A /* ViewController.m */; };
		C4AFE10B182508520003135A /* Images.xcassets in Resources */ = {isa = PBXBuildFile; fileRef = C4AFE10A182508520003135A /* Images.xcassets */; };
		C4AFE112182508520003135A /* XCTest.framework in Frameworks */ = {isa = PBXBuildFile; fileRef = C4AFE111182508520003135A /* XCTest.framework */; };
		C4AFE113182508520003135A /* Foundation.framework in Frameworks */ = {isa = PBXBuildFile; fileRef = C4AFE0F2182508520003135A /* Foundation.framework */; };
		C4AFE114182508520003135A /* UIKit.framework in Frameworks */ = {isa = PBXBuildFile; fileRef = C4AFE0F6182508520003135A /* UIKit.framework */; };
		C4AFE11C182508520003135A /* InfoPlist.strings in Resources */ = {isa = PBXBuildFile; fileRef = C4AFE11A182508520003135A /* InfoPlist.strings */; };
		C4AFE11E182508520003135A /* PlacebookTests.m in Sources */ = {isa = PBXBuildFile; fileRef = C4AFE11D182508520003135A /* PlacebookTests.m */; };
		C4AFE128182508B10003135A /* CoreImage.framework in Frameworks */ = {isa = PBXBuildFile; fileRef = C4AFE127182508B10003135A /* CoreImage.framework */; };
		C4AFE12A182508B90003135A /* QuartzCore.framework in Frameworks */ = {isa = PBXBuildFile; fileRef = C4AFE129182508B90003135A /* QuartzCore.framework */; };
		C4AFE12C182508C00003135A /* MapKit.framework in Frameworks */ = {isa = PBXBuildFile; fileRef = C4AFE12B182508C00003135A /* MapKit.framework */; };
		C4AFE13018250A860003135A /* Annotation.m in Sources */ = {isa = PBXBuildFile; fileRef = C4AFE12F18250A860003135A /* Annotation.m */; };
		C4AFE13118250A860003135A /* Annotation.m in Sources */ = {isa = PBXBuildFile; fileRef = C4AFE12F18250A860003135A /* Annotation.m */; };
		C4AFE13F18250B810003135A /* Locations.plist in Resources */ = {isa = PBXBuildFile; fileRef = C4AFE13E18250B810003135A /* Locations.plist */; };
		C4AFE14018250B810003135A /* Locations.plist in Resources */ = {isa = PBXBuildFile; fileRef = C4AFE13E18250B810003135A /* Locations.plist */; };
		E2894E921826ABFC0054F5D3 /* londoneye.gpx in Resources */ = {isa = PBXBuildFile; fileRef = E2894E8F1826ABFC0054F5D3 /* londoneye.gpx */; };
		E2894E931826ABFC0054F5D3 /* rain.gpx in Resources */ = {isa = PBXBuildFile; fileRef = E2894E901826ABFC0054F5D3 /* rain.gpx */; };
		E2894E941826ABFC0054F5D3 /* wembly.gpx in Resources */ = {isa = PBXBuildFile; fileRef = E2894E911826ABFC0054F5D3 /* wembly.gpx */; };
/* End PBXBuildFile section */

/* Begin PBXContainerItemProxy section */
		C4AFE115182508520003135A /* PBXContainerItemProxy */ = {
			isa = PBXContainerItemProxy;
			containerPortal = C4AFE0E7182508520003135A /* Project object */;
			proxyType = 1;
			remoteGlobalIDString = C4AFE0EE182508520003135A;
			remoteInfo = Placebook;
		};
/* End PBXContainerItemProxy section */

/* Begin PBXFileReference section */
		286B708218265FE300B88813 /* SKMapAnnotation.h */ = {isa = PBXFileReference; fileEncoding = 4; lastKnownFileType = sourcecode.c.h; path = SKMapAnnotation.h; sourceTree = "<group>"; };
		286B708318265FE300B88813 /* SKMapAnnotation.m */ = {isa = PBXFileReference; fileEncoding = 4; lastKnownFileType = sourcecode.c.objc; path = SKMapAnnotation.m; sourceTree = "<group>"; };
		28ACD5CF18267AD2001D8573 /* MKAnnotationView+WebCache.h */ = {isa = PBXFileReference; fileEncoding = 4; lastKnownFileType = sourcecode.c.h; path = "MKAnnotationView+WebCache.h"; sourceTree = "<group>"; };
		28ACD5D018267AD2001D8573 /* MKAnnotationView+WebCache.m */ = {isa = PBXFileReference; fileEncoding = 4; lastKnownFileType = sourcecode.c.objc; path = "MKAnnotationView+WebCache.m"; sourceTree = "<group>"; };
		28ACD5D118267AD2001D8573 /* NSData+GIF.h */ = {isa = PBXFileReference; fileEncoding = 4; lastKnownFileType = sourcecode.c.h; path = "NSData+GIF.h"; sourceTree = "<group>"; };
		28ACD5D218267AD2001D8573 /* NSData+GIF.m */ = {isa = PBXFileReference; fileEncoding = 4; lastKnownFileType = sourcecode.c.objc; path = "NSData+GIF.m"; sourceTree = "<group>"; };
		28ACD5D318267AD2001D8573 /* SDImageCache.h */ = {isa = PBXFileReference; fileEncoding = 4; lastKnownFileType = sourcecode.c.h; path = SDImageCache.h; sourceTree = "<group>"; };
		28ACD5D418267AD2001D8573 /* SDImageCache.m */ = {isa = PBXFileReference; fileEncoding = 4; lastKnownFileType = sourcecode.c.objc; path = SDImageCache.m; sourceTree = "<group>"; };
		28ACD5D518267AD2001D8573 /* SDWebImageCompat.h */ = {isa = PBXFileReference; fileEncoding = 4; lastKnownFileType = sourcecode.c.h; path = SDWebImageCompat.h; sourceTree = "<group>"; };
		28ACD5D618267AD2001D8573 /* SDWebImageCompat.m */ = {isa = PBXFileReference; fileEncoding = 4; lastKnownFileType = sourcecode.c.objc; path = SDWebImageCompat.m; sourceTree = "<group>"; };
		28ACD5D718267AD2001D8573 /* SDWebImageDecoder.h */ = {isa = PBXFileReference; fileEncoding = 4; lastKnownFileType = sourcecode.c.h; path = SDWebImageDecoder.h; sourceTree = "<group>"; };
		28ACD5D818267AD2001D8573 /* SDWebImageDecoder.m */ = {isa = PBXFileReference; fileEncoding = 4; lastKnownFileType = sourcecode.c.objc; path = SDWebImageDecoder.m; sourceTree = "<group>"; };
		28ACD5D918267AD2001D8573 /* SDWebImageDownloader.h */ = {isa = PBXFileReference; fileEncoding = 4; lastKnownFileType = sourcecode.c.h; path = SDWebImageDownloader.h; sourceTree = "<group>"; };
		28ACD5DA18267AD2001D8573 /* SDWebImageDownloader.m */ = {isa = PBXFileReference; fileEncoding = 4; lastKnownFileType = sourcecode.c.objc; path = SDWebImageDownloader.m; sourceTree = "<group>"; };
		28ACD5DB18267AD2001D8573 /* SDWebImageDownloaderOperation.h */ = {isa = PBXFileReference; fileEncoding = 4; lastKnownFileType = sourcecode.c.h; path = SDWebImageDownloaderOperation.h; sourceTree = "<group>"; };
		28ACD5DC18267AD2001D8573 /* SDWebImageDownloaderOperation.m */ = {isa = PBXFileReference; fileEncoding = 4; lastKnownFileType = sourcecode.c.objc; path = SDWebImageDownloaderOperation.m; sourceTree = "<group>"; };
		28ACD5DD18267AD2001D8573 /* SDWebImageManager.h */ = {isa = PBXFileReference; fileEncoding = 4; lastKnownFileType = sourcecode.c.h; path = SDWebImageManager.h; sourceTree = "<group>"; };
		28ACD5DE18267AD2001D8573 /* SDWebImageManager.m */ = {isa = PBXFileReference; fileEncoding = 4; lastKnownFileType = sourcecode.c.objc; path = SDWebImageManager.m; sourceTree = "<group>"; };
		28ACD5DF18267AD2001D8573 /* SDWebImageOperation.h */ = {isa = PBXFileReference; fileEncoding = 4; lastKnownFileType = sourcecode.c.h; path = SDWebImageOperation.h; sourceTree = "<group>"; };
		28ACD5E018267AD2001D8573 /* SDWebImagePrefetcher.h */ = {isa = PBXFileReference; fileEncoding = 4; lastKnownFileType = sourcecode.c.h; path = SDWebImagePrefetcher.h; sourceTree = "<group>"; };
		28ACD5E118267AD2001D8573 /* SDWebImagePrefetcher.m */ = {isa = PBXFileReference; fileEncoding = 4; lastKnownFileType = sourcecode.c.objc; path = SDWebImagePrefetcher.m; sourceTree = "<group>"; };
		28ACD5E218267AD2001D8573 /* UIButton+WebCache.h */ = {isa = PBXFileReference; fileEncoding = 4; lastKnownFileType = sourcecode.c.h; path = "UIButton+WebCache.h"; sourceTree = "<group>"; };
		28ACD5E318267AD2001D8573 /* UIButton+WebCache.m */ = {isa = PBXFileReference; fileEncoding = 4; lastKnownFileType = sourcecode.c.objc; path = "UIButton+WebCache.m"; sourceTree = "<group>"; };
		28ACD5E418267AD2001D8573 /* UIImage+GIF.h */ = {isa = PBXFileReference; fileEncoding = 4; lastKnownFileType = sourcecode.c.h; path = "UIImage+GIF.h"; sourceTree = "<group>"; };
		28ACD5E518267AD2001D8573 /* UIImage+GIF.m */ = {isa = PBXFileReference; fileEncoding = 4; lastKnownFileType = sourcecode.c.objc; path = "UIImage+GIF.m"; sourceTree = "<group>"; };
		28ACD5E618267AD2001D8573 /* UIImage+MultiFormat.h */ = {isa = PBXFileReference; fileEncoding = 4; lastKnownFileType = sourcecode.c.h; path = "UIImage+MultiFormat.h"; sourceTree = "<group>"; };
		28ACD5E718267AD2001D8573 /* UIImage+MultiFormat.m */ = {isa = PBXFileReference; fileEncoding = 4; lastKnownFileType = sourcecode.c.objc; path = "UIImage+MultiFormat.m"; sourceTree = "<group>"; };
		28ACD5E818267AD2001D8573 /* UIImage+WebP.h */ = {isa = PBXFileReference; fileEncoding = 4; lastKnownFileType = sourcecode.c.h; path = "UIImage+WebP.h"; sourceTree = "<group>"; };
		28ACD5E918267AD2001D8573 /* UIImage+WebP.m */ = {isa = PBXFileReference; fileEncoding = 4; lastKnownFileType = sourcecode.c.objc; path = "UIImage+WebP.m"; sourceTree = "<group>"; };
		28ACD5EA18267AD2001D8573 /* UIImageView+WebCache.h */ = {isa = PBXFileReference; fileEncoding = 4; lastKnownFileType = sourcecode.c.h; path = "UIImageView+WebCache.h"; sourceTree = "<group>"; };
		28ACD5EB18267AD2001D8573 /* UIImageView+WebCache.m */ = {isa = PBXFileReference; fileEncoding = 4; lastKnownFileType = sourcecode.c.objc; path = "UIImageView+WebCache.m"; sourceTree = "<group>"; };
		28ACD5FA1826B206001D8573 /* loading.png */ = {isa = PBXFileReference; lastKnownFileType = image.png; path = loading.png; sourceTree = "<group>"; };
		28ACD5FC1826B49D001D8573 /* bluecircle.png */ = {isa = PBXFileReference; lastKnownFileType = image.png; path = bluecircle.png; sourceTree = "<group>"; };
		28BC6ADD1826108100ACBFBC /* PBServerConnector.h */ = {isa = PBXFileReference; fileEncoding = 4; lastKnownFileType = sourcecode.c.h; path = PBServerConnector.h; sourceTree = "<group>"; };
		28BC6ADE1826108100ACBFBC /* PBServerConnector.m */ = {isa = PBXFileReference; fileEncoding = 4; lastKnownFileType = sourcecode.c.objc; path = PBServerConnector.m; sourceTree = "<group>"; };
		28BC6AE018261DC200ACBFBC /* SKCluster.h */ = {isa = PBXFileReference; fileEncoding = 4; lastKnownFileType = sourcecode.c.h; path = SKCluster.h; sourceTree = "<group>"; };
		28BC6AE118261DC200ACBFBC /* SKCluster.m */ = {isa = PBXFileReference; fileEncoding = 4; lastKnownFileType = sourcecode.c.objc; path = SKCluster.m; sourceTree = "<group>"; };
		C40D67B01825FB6F00CF0CCD /* TimelineDetailViewController.h */ = {isa = PBXFileReference; fileEncoding = 4; lastKnownFileType = sourcecode.c.h; path = TimelineDetailViewController.h; sourceTree = "<group>"; };
		C40D67B11825FB6F00CF0CCD /* TimelineDetailViewController.m */ = {isa = PBXFileReference; fileEncoding = 4; lastKnownFileType = sourcecode.c.objc; path = TimelineDetailViewController.m; sourceTree = "<group>"; };
		C40D67DF18261F1700CF0CCD /* AVFoundation.framework */ = {isa = PBXFileReference; lastKnownFileType = wrapper.framework; name = AVFoundation.framework; path = System/Library/Frameworks/AVFoundation.framework; sourceTree = SDKROOT; };
		C40D67E118261F2100CF0CCD /* ImageIO.framework */ = {isa = PBXFileReference; lastKnownFileType = wrapper.framework; name = ImageIO.framework; path = System/Library/Frameworks/ImageIO.framework; sourceTree = SDKROOT; };
		C40D67E318261F5300CF0CCD /* PBAPI.h */ = {isa = PBXFileReference; fileEncoding = 4; lastKnownFileType = sourcecode.c.h; path = PBAPI.h; sourceTree = "<group>"; };
		C40D67E418261F5300CF0CCD /* PBAPI.m */ = {isa = PBXFileReference; fileEncoding = 4; lastKnownFileType = sourcecode.c.objc; path = PBAPI.m; sourceTree = "<group>"; };
		C40D67E71826223500CF0CCD /* PBCaptureViewController.h */ = {isa = PBXFileReference; fileEncoding = 4; lastKnownFileType = sourcecode.c.h; name = PBCaptureViewController.h; path = ../PBCaptureViewController.h; sourceTree = "<group>"; };
		C40D67E81826223500CF0CCD /* PBCaptureViewController.m */ = {isa = PBXFileReference; fileEncoding = 4; lastKnownFileType = sourcecode.c.objc; name = PBCaptureViewController.m; path = ../PBCaptureViewController.m; sourceTree = "<group>"; };
		C40FFAF81825647D00E75793 /* ADVAnimationController.h */ = {isa = PBXFileReference; fileEncoding = 4; lastKnownFileType = sourcecode.c.h; path = ADVAnimationController.h; sourceTree = "<group>"; };
		C40FFAF91825647D00E75793 /* DropAnimationController.h */ = {isa = PBXFileReference; fileEncoding = 4; lastKnownFileType = sourcecode.c.h; path = DropAnimationController.h; sourceTree = "<group>"; };
		C40FFAFA1825647D00E75793 /* DropAnimationController.m */ = {isa = PBXFileReference; fileEncoding = 4; lastKnownFileType = sourcecode.c.objc; path = DropAnimationController.m; sourceTree = "<group>"; };
		C40FFAFB1825647D00E75793 /* ZoomAnimationController.h */ = {isa = PBXFileReference; fileEncoding = 4; lastKnownFileType = sourcecode.c.h; path = ZoomAnimationController.h; sourceTree = "<group>"; };
		C40FFAFC1825647D00E75793 /* ZoomAnimationController.m */ = {isa = PBXFileReference; fileEncoding = 4; lastKnownFileType = sourcecode.c.objc; path = ZoomAnimationController.m; sourceTree = "<group>"; };
		C40FFAFF1825677E00E75793 /* WhatsHotViewController.h */ = {isa = PBXFileReference; fileEncoding = 4; lastKnownFileType = sourcecode.c.h; path = WhatsHotViewController.h; sourceTree = "<group>"; };
		C40FFB001825677E00E75793 /* WhatsHotViewController.m */ = {isa = PBXFileReference; fileEncoding = 4; lastKnownFileType = sourcecode.c.objc; path = WhatsHotViewController.m; sourceTree = "<group>"; };
		C46608EC1825DA1A00061499 /* TimelineCell.h */ = {isa = PBXFileReference; fileEncoding = 4; lastKnownFileType = sourcecode.c.h; path = TimelineCell.h; sourceTree = "<group>"; };
		C46608ED1825DA1A00061499 /* TimelineCell.m */ = {isa = PBXFileReference; fileEncoding = 4; lastKnownFileType = sourcecode.c.objc; path = TimelineCell.m; sourceTree = "<group>"; };
		C477E0721825D75600E5C230 /* TimelineViewController.h */ = {isa = PBXFileReference; fileEncoding = 4; lastKnownFileType = sourcecode.c.h; path = TimelineViewController.h; sourceTree = "<group>"; };
		C477E0731825D75600E5C230 /* TimelineViewController.m */ = {isa = PBXFileReference; fileEncoding = 4; lastKnownFileType = sourcecode.c.objc; path = TimelineViewController.m; sourceTree = "<group>"; };
		C4AFE0EF182508520003135A /* Placebook.app */ = {isa = PBXFileReference; explicitFileType = wrapper.application; includeInIndex = 0; path = Placebook.app; sourceTree = BUILT_PRODUCTS_DIR; };
		C4AFE0F2182508520003135A /* Foundation.framework */ = {isa = PBXFileReference; lastKnownFileType = wrapper.framework; name = Foundation.framework; path = System/Library/Frameworks/Foundation.framework; sourceTree = SDKROOT; };
		C4AFE0F4182508520003135A /* CoreGraphics.framework */ = {isa = PBXFileReference; lastKnownFileType = wrapper.framework; name = CoreGraphics.framework; path = System/Library/Frameworks/CoreGraphics.framework; sourceTree = SDKROOT; };
		C4AFE0F6182508520003135A /* UIKit.framework */ = {isa = PBXFileReference; lastKnownFileType = wrapper.framework; name = UIKit.framework; path = System/Library/Frameworks/UIKit.framework; sourceTree = SDKROOT; };
		C4AFE0FA182508520003135A /* Placebook-Info.plist */ = {isa = PBXFileReference; lastKnownFileType = text.plist.xml; path = "Placebook-Info.plist"; sourceTree = "<group>"; };
		C4AFE0FC182508520003135A /* en */ = {isa = PBXFileReference; lastKnownFileType = text.plist.strings; name = en; path = en.lproj/InfoPlist.strings; sourceTree = "<group>"; };
		C4AFE0FE182508520003135A /* main.m */ = {isa = PBXFileReference; lastKnownFileType = sourcecode.c.objc; path = main.m; sourceTree = "<group>"; };
		C4AFE100182508520003135A /* Placebook-Prefix.pch */ = {isa = PBXFileReference; lastKnownFileType = sourcecode.c.h; path = "Placebook-Prefix.pch"; sourceTree = "<group>"; };
		C4AFE101182508520003135A /* AppDelegate.h */ = {isa = PBXFileReference; lastKnownFileType = sourcecode.c.h; path = AppDelegate.h; sourceTree = "<group>"; };
		C4AFE102182508520003135A /* AppDelegate.m */ = {isa = PBXFileReference; lastKnownFileType = sourcecode.c.objc; path = AppDelegate.m; sourceTree = "<group>"; };
		C4AFE105182508520003135A /* Base */ = {isa = PBXFileReference; lastKnownFileType = file.storyboard; name = Base; path = Base.lproj/Main.storyboard; sourceTree = "<group>"; };
		C4AFE107182508520003135A /* ViewController.h */ = {isa = PBXFileReference; lastKnownFileType = sourcecode.c.h; path = ViewController.h; sourceTree = "<group>"; };
		C4AFE108182508520003135A /* ViewController.m */ = {isa = PBXFileReference; lastKnownFileType = sourcecode.c.objc; path = ViewController.m; sourceTree = "<group>"; };
		C4AFE10A182508520003135A /* Images.xcassets */ = {isa = PBXFileReference; lastKnownFileType = folder.assetcatalog; path = Images.xcassets; sourceTree = "<group>"; };
		C4AFE110182508520003135A /* PlacebookTests.xctest */ = {isa = PBXFileReference; explicitFileType = wrapper.cfbundle; includeInIndex = 0; path = PlacebookTests.xctest; sourceTree = BUILT_PRODUCTS_DIR; };
		C4AFE111182508520003135A /* XCTest.framework */ = {isa = PBXFileReference; lastKnownFileType = wrapper.framework; name = XCTest.framework; path = Library/Frameworks/XCTest.framework; sourceTree = DEVELOPER_DIR; };
		C4AFE119182508520003135A /* PlacebookTests-Info.plist */ = {isa = PBXFileReference; lastKnownFileType = text.plist.xml; path = "PlacebookTests-Info.plist"; sourceTree = "<group>"; };
		C4AFE11B182508520003135A /* en */ = {isa = PBXFileReference; lastKnownFileType = text.plist.strings; name = en; path = en.lproj/InfoPlist.strings; sourceTree = "<group>"; };
		C4AFE11D182508520003135A /* PlacebookTests.m */ = {isa = PBXFileReference; lastKnownFileType = sourcecode.c.objc; path = PlacebookTests.m; sourceTree = "<group>"; };
		C4AFE127182508B10003135A /* CoreImage.framework */ = {isa = PBXFileReference; lastKnownFileType = wrapper.framework; name = CoreImage.framework; path = System/Library/Frameworks/CoreImage.framework; sourceTree = SDKROOT; };
		C4AFE129182508B90003135A /* QuartzCore.framework */ = {isa = PBXFileReference; lastKnownFileType = wrapper.framework; name = QuartzCore.framework; path = System/Library/Frameworks/QuartzCore.framework; sourceTree = SDKROOT; };
		C4AFE12B182508C00003135A /* MapKit.framework */ = {isa = PBXFileReference; lastKnownFileType = wrapper.framework; name = MapKit.framework; path = System/Library/Frameworks/MapKit.framework; sourceTree = SDKROOT; };
		C4AFE12E18250A860003135A /* Annotation.h */ = {isa = PBXFileReference; fileEncoding = 4; lastKnownFileType = sourcecode.c.h; path = Annotation.h; sourceTree = "<group>"; };
		C4AFE12F18250A860003135A /* Annotation.m */ = {isa = PBXFileReference; fileEncoding = 4; lastKnownFileType = sourcecode.c.objc; path = Annotation.m; sourceTree = "<group>"; };
		C4AFE13E18250B810003135A /* Locations.plist */ = {isa = PBXFileReference; fileEncoding = 4; lastKnownFileType = text.plist.xml; path = Locations.plist; sourceTree = "<group>"; };
		E2894E8F1826ABFC0054F5D3 /* londoneye.gpx */ = {isa = PBXFileReference; fileEncoding = 4; lastKnownFileType = text; name = londoneye.gpx; path = ../londoneye.gpx; sourceTree = "<group>"; };
		E2894E901826ABFC0054F5D3 /* rain.gpx */ = {isa = PBXFileReference; fileEncoding = 4; lastKnownFileType = text; name = rain.gpx; path = ../rain.gpx; sourceTree = "<group>"; };
		E2894E911826ABFC0054F5D3 /* wembly.gpx */ = {isa = PBXFileReference; fileEncoding = 4; lastKnownFileType = text; name = wembly.gpx; path = ../wembly.gpx; sourceTree = "<group>"; };
/* End PBXFileReference section */

/* Begin PBXFrameworksBuildPhase section */
		C4AFE0EC182508520003135A /* Frameworks */ = {
			isa = PBXFrameworksBuildPhase;
			buildActionMask = 2147483647;
			files = (
				C40D67E218261F2100CF0CCD /* ImageIO.framework in Frameworks */,
				C40D67E018261F1700CF0CCD /* AVFoundation.framework in Frameworks */,
				C4AFE12C182508C00003135A /* MapKit.framework in Frameworks */,
				C4AFE12A182508B90003135A /* QuartzCore.framework in Frameworks */,
				C4AFE128182508B10003135A /* CoreImage.framework in Frameworks */,
				C4AFE0F5182508520003135A /* CoreGraphics.framework in Frameworks */,
				C4AFE0F7182508520003135A /* UIKit.framework in Frameworks */,
				C4AFE0F3182508520003135A /* Foundation.framework in Frameworks */,
			);
			runOnlyForDeploymentPostprocessing = 0;
		};
		C4AFE10D182508520003135A /* Frameworks */ = {
			isa = PBXFrameworksBuildPhase;
			buildActionMask = 2147483647;
			files = (
				C4AFE112182508520003135A /* XCTest.framework in Frameworks */,
				C4AFE114182508520003135A /* UIKit.framework in Frameworks */,
				C4AFE113182508520003135A /* Foundation.framework in Frameworks */,
			);
			runOnlyForDeploymentPostprocessing = 0;
		};
/* End PBXFrameworksBuildPhase section */

/* Begin PBXGroup section */
		28ACD5CE18267AD2001D8573 /* SDWebImage */ = {
			isa = PBXGroup;
			children = (
				28ACD5CF18267AD2001D8573 /* MKAnnotationView+WebCache.h */,
				28ACD5D018267AD2001D8573 /* MKAnnotationView+WebCache.m */,
				28ACD5D118267AD2001D8573 /* NSData+GIF.h */,
				28ACD5D218267AD2001D8573 /* NSData+GIF.m */,
				28ACD5D318267AD2001D8573 /* SDImageCache.h */,
				28ACD5D418267AD2001D8573 /* SDImageCache.m */,
				28ACD5D518267AD2001D8573 /* SDWebImageCompat.h */,
				28ACD5D618267AD2001D8573 /* SDWebImageCompat.m */,
				28ACD5D718267AD2001D8573 /* SDWebImageDecoder.h */,
				28ACD5D818267AD2001D8573 /* SDWebImageDecoder.m */,
				28ACD5D918267AD2001D8573 /* SDWebImageDownloader.h */,
				28ACD5DA18267AD2001D8573 /* SDWebImageDownloader.m */,
				28ACD5DB18267AD2001D8573 /* SDWebImageDownloaderOperation.h */,
				28ACD5DC18267AD2001D8573 /* SDWebImageDownloaderOperation.m */,
				28ACD5DD18267AD2001D8573 /* SDWebImageManager.h */,
				28ACD5DE18267AD2001D8573 /* SDWebImageManager.m */,
				28ACD5DF18267AD2001D8573 /* SDWebImageOperation.h */,
				28ACD5E018267AD2001D8573 /* SDWebImagePrefetcher.h */,
				28ACD5E118267AD2001D8573 /* SDWebImagePrefetcher.m */,
				28ACD5E218267AD2001D8573 /* UIButton+WebCache.h */,
				28ACD5E318267AD2001D8573 /* UIButton+WebCache.m */,
				28ACD5E418267AD2001D8573 /* UIImage+GIF.h */,
				28ACD5E518267AD2001D8573 /* UIImage+GIF.m */,
				28ACD5E618267AD2001D8573 /* UIImage+MultiFormat.h */,
				28ACD5E718267AD2001D8573 /* UIImage+MultiFormat.m */,
				28ACD5E818267AD2001D8573 /* UIImage+WebP.h */,
				28ACD5E918267AD2001D8573 /* UIImage+WebP.m */,
				28ACD5EA18267AD2001D8573 /* UIImageView+WebCache.h */,
				28ACD5EB18267AD2001D8573 /* UIImageView+WebCache.m */,
			);
			name = SDWebImage;
			path = SDWebImage/SDWebImage;
			sourceTree = SOURCE_ROOT;
		};
		28BC6ADC1826106800ACBFBC /* Server */ = {
			isa = PBXGroup;
			children = (
				28BC6ADD1826108100ACBFBC /* PBServerConnector.h */,
				28BC6ADE1826108100ACBFBC /* PBServerConnector.m */,
			);
			name = Server;
			sourceTree = "<group>";
		};
		C40FFAF71825647D00E75793 /* TransitionControllers */ = {
			isa = PBXGroup;
			children = (
				C40FFAF81825647D00E75793 /* ADVAnimationController.h */,
				C40FFAF91825647D00E75793 /* DropAnimationController.h */,
				C40FFAFA1825647D00E75793 /* DropAnimationController.m */,
				C40FFAFB1825647D00E75793 /* ZoomAnimationController.h */,
				C40FFAFC1825647D00E75793 /* ZoomAnimationController.m */,
			);
			path = TransitionControllers;
			sourceTree = "<group>";
		};
		C426202E18262F210051A869 /* Camera */ = {
			isa = PBXGroup;
			children = (
				C40D67E71826223500CF0CCD /* PBCaptureViewController.h */,
				C40D67E81826223500CF0CCD /* PBCaptureViewController.m */,
				C40D67E318261F5300CF0CCD /* PBAPI.h */,
				C40D67E418261F5300CF0CCD /* PBAPI.m */,
			);
			name = Camera;
			sourceTree = "<group>";
		};
		C426202F18262F330051A869 /* Timeline */ = {
			isa = PBXGroup;
			children = (
				C477E0721825D75600E5C230 /* TimelineViewController.h */,
				C477E0731825D75600E5C230 /* TimelineViewController.m */,
				C46608EC1825DA1A00061499 /* TimelineCell.h */,
				C46608ED1825DA1A00061499 /* TimelineCell.m */,
				C40D67B01825FB6F00CF0CCD /* TimelineDetailViewController.h */,
				C40D67B11825FB6F00CF0CCD /* TimelineDetailViewController.m */,
			);
			name = Timeline;
			sourceTree = "<group>";
		};
		C426203018262F440051A869 /* Main View */ = {
			isa = PBXGroup;
			children = (
				C4AFE107182508520003135A /* ViewController.h */,
				C4AFE108182508520003135A /* ViewController.m */,
			);
			name = "Main View";
			sourceTree = "<group>";
		};
		C426203118262F530051A869 /* Hot */ = {
			isa = PBXGroup;
			children = (
				C40FFAFF1825677E00E75793 /* WhatsHotViewController.h */,
				C40FFB001825677E00E75793 /* WhatsHotViewController.m */,
			);
			name = Hot;
			sourceTree = "<group>";
		};
		C426203218262F5B0051A869 /* AppDelegate */ = {
			isa = PBXGroup;
			children = (
				C4AFE101182508520003135A /* AppDelegate.h */,
				C4AFE102182508520003135A /* AppDelegate.m */,
			);
			name = AppDelegate;
			sourceTree = "<group>";
		};
		C4AFE0E6182508520003135A = {
			isa = PBXGroup;
			children = (
				C4AFE0F8182508520003135A /* Placebook */,
				C4AFE117182508520003135A /* PlacebookTests */,
				C4AFE0F1182508520003135A /* Frameworks */,
				C4AFE0F0182508520003135A /* Products */,
			);
			sourceTree = "<group>";
		};
		C4AFE0F0182508520003135A /* Products */ = {
			isa = PBXGroup;
			children = (
				C4AFE0EF182508520003135A /* Placebook.app */,
				C4AFE110182508520003135A /* PlacebookTests.xctest */,
			);
			name = Products;
			sourceTree = "<group>";
		};
		C4AFE0F1182508520003135A /* Frameworks */ = {
			isa = PBXGroup;
			children = (
				C40D67E118261F2100CF0CCD /* ImageIO.framework */,
				C40D67DF18261F1700CF0CCD /* AVFoundation.framework */,
				C4AFE12B182508C00003135A /* MapKit.framework */,
				C4AFE129182508B90003135A /* QuartzCore.framework */,
				C4AFE127182508B10003135A /* CoreImage.framework */,
				C4AFE0F2182508520003135A /* Foundation.framework */,
				C4AFE0F4182508520003135A /* CoreGraphics.framework */,
				C4AFE0F6182508520003135A /* UIKit.framework */,
				C4AFE111182508520003135A /* XCTest.framework */,
			);
			name = Frameworks;
			sourceTree = "<group>";
		};
		C4AFE0F8182508520003135A /* Placebook */ = {
			isa = PBXGroup;
			children = (
				28BC6ADC1826106800ACBFBC /* Server */,
				C40FFAF71825647D00E75793 /* TransitionControllers */,
				C4AFE12D18250A860003135A /* Annotation */,
				C426203218262F5B0051A869 /* AppDelegate */,
				C426203018262F440051A869 /* Main View */,
				C426202F18262F330051A869 /* Timeline */,
				C426203118262F530051A869 /* Hot */,
				C426202E18262F210051A869 /* Camera */,
				28ACD5CE18267AD2001D8573 /* SDWebImage */,
				C4AFE101182508520003135A /* AppDelegate.h */,
				C4AFE102182508520003135A /* AppDelegate.m */,
				C4AFE104182508520003135A /* Main.storyboard */,
				C4AFE107182508520003135A /* ViewController.h */,
				C4AFE108182508520003135A /* ViewController.m */,
				28BC6AE018261DC200ACBFBC /* SKCluster.h */,
				28BC6AE118261DC200ACBFBC /* SKCluster.m */,
				C477E0721825D75600E5C230 /* TimelineViewController.h */,
				C477E0731825D75600E5C230 /* TimelineViewController.m */,
				C46608EC1825DA1A00061499 /* TimelineCell.h */,
				C46608ED1825DA1A00061499 /* TimelineCell.m */,
				C40D67B01825FB6F00CF0CCD /* TimelineDetailViewController.h */,
				C40D67B11825FB6F00CF0CCD /* TimelineDetailViewController.m */,
				C40FFAFF1825677E00E75793 /* WhatsHotViewController.h */,
				C40FFB001825677E00E75793 /* WhatsHotViewController.m */,
				C40D67E71826223500CF0CCD /* PBCaptureViewController.h */,
				C40D67E81826223500CF0CCD /* PBCaptureViewController.m */,
				286B708218265FE300B88813 /* SKMapAnnotation.h */,
				286B708318265FE300B88813 /* SKMapAnnotation.m */,
				C40D67E318261F5300CF0CCD /* PBAPI.h */,
				C40D67E418261F5300CF0CCD /* PBAPI.m */,
				C4AFE10A182508520003135A /* Images.xcassets */,
				28ACD5FA1826B206001D8573 /* loading.png */,
				28ACD5FC1826B49D001D8573 /* bluecircle.png */,
				C4AFE0F9182508520003135A /* Supporting Files */,
			);
			path = Placebook;
			sourceTree = "<group>";
		};
		C4AFE0F9182508520003135A /* Supporting Files */ = {
			isa = PBXGroup;
			children = (
				E2894E8F1826ABFC0054F5D3 /* londoneye.gpx */,
				E2894E901826ABFC0054F5D3 /* rain.gpx */,
				E2894E911826ABFC0054F5D3 /* wembly.gpx */,
				C4AFE104182508520003135A /* Main.storyboard */,
				C4AFE13D18250B810003135A /* Data */,
				C4AFE0FA182508520003135A /* Placebook-Info.plist */,
				C4AFE0FB182508520003135A /* InfoPlist.strings */,
				C4AFE0FE182508520003135A /* main.m */,
				C4AFE100182508520003135A /* Placebook-Prefix.pch */,
			);
			name = "Supporting Files";
			sourceTree = "<group>";
		};
		C4AFE117182508520003135A /* PlacebookTests */ = {
			isa = PBXGroup;
			children = (
				C4AFE11D182508520003135A /* PlacebookTests.m */,
				C4AFE118182508520003135A /* Supporting Files */,
			);
			path = PlacebookTests;
			sourceTree = "<group>";
		};
		C4AFE118182508520003135A /* Supporting Files */ = {
			isa = PBXGroup;
			children = (
				C4AFE119182508520003135A /* PlacebookTests-Info.plist */,
				C4AFE11A182508520003135A /* InfoPlist.strings */,
			);
			name = "Supporting Files";
			sourceTree = "<group>";
		};
		C4AFE12D18250A860003135A /* Annotation */ = {
			isa = PBXGroup;
			children = (
				C4AFE12E18250A860003135A /* Annotation.h */,
				C4AFE12F18250A860003135A /* Annotation.m */,
			);
			path = Annotation;
			sourceTree = "<group>";
		};
		C4AFE13D18250B810003135A /* Data */ = {
			isa = PBXGroup;
			children = (
				C4AFE13E18250B810003135A /* Locations.plist */,
			);
			path = Data;
			sourceTree = "<group>";
		};
/* End PBXGroup section */

/* Begin PBXNativeTarget section */
		C4AFE0EE182508520003135A /* Placebook */ = {
			isa = PBXNativeTarget;
			buildConfigurationList = C4AFE121182508520003135A /* Build configuration list for PBXNativeTarget "Placebook" */;
			buildPhases = (
				C4AFE0EB182508520003135A /* Sources */,
				C4AFE0EC182508520003135A /* Frameworks */,
				C4AFE0ED182508520003135A /* Resources */,
			);
			buildRules = (
			);
			dependencies = (
			);
			name = Placebook;
			productName = Placebook;
			productReference = C4AFE0EF182508520003135A /* Placebook.app */;
			productType = "com.apple.product-type.application";
		};
		C4AFE10F182508520003135A /* PlacebookTests */ = {
			isa = PBXNativeTarget;
			buildConfigurationList = C4AFE124182508520003135A /* Build configuration list for PBXNativeTarget "PlacebookTests" */;
			buildPhases = (
				C4AFE10C182508520003135A /* Sources */,
				C4AFE10D182508520003135A /* Frameworks */,
				C4AFE10E182508520003135A /* Resources */,
			);
			buildRules = (
			);
			dependencies = (
				C4AFE116182508520003135A /* PBXTargetDependency */,
			);
			name = PlacebookTests;
			productName = PlacebookTests;
			productReference = C4AFE110182508520003135A /* PlacebookTests.xctest */;
			productType = "com.apple.product-type.bundle.unit-test";
		};
/* End PBXNativeTarget section */

/* Begin PBXProject section */
		C4AFE0E7182508520003135A /* Project object */ = {
			isa = PBXProject;
			attributes = {
				LastUpgradeCheck = 0500;
				ORGANIZATIONNAME = AppCanvas;
				TargetAttributes = {
					C4AFE0EE182508520003135A = {
						DevelopmentTeam = XGDS2S9G54;
					};
					C4AFE10F182508520003135A = {
						TestTargetID = C4AFE0EE182508520003135A;
					};
				};
			};
			buildConfigurationList = C4AFE0EA182508520003135A /* Build configuration list for PBXProject "Placebook" */;
			compatibilityVersion = "Xcode 3.2";
			developmentRegion = English;
			hasScannedForEncodings = 0;
			knownRegions = (
				en,
				Base,
			);
			mainGroup = C4AFE0E6182508520003135A;
			productRefGroup = C4AFE0F0182508520003135A /* Products */;
			projectDirPath = "";
			projectRoot = "";
			targets = (
				C4AFE0EE182508520003135A /* Placebook */,
				C4AFE10F182508520003135A /* PlacebookTests */,
			);
		};
/* End PBXProject section */

/* Begin PBXResourcesBuildPhase section */
		C4AFE0ED182508520003135A /* Resources */ = {
			isa = PBXResourcesBuildPhase;
			buildActionMask = 2147483647;
			files = (
				28ACD5FB1826B206001D8573 /* loading.png in Resources */,
				C4AFE10B182508520003135A /* Images.xcassets in Resources */,
				E2894E921826ABFC0054F5D3 /* londoneye.gpx in Resources */,
				E2894E941826ABFC0054F5D3 /* wembly.gpx in Resources */,
				C4AFE13F18250B810003135A /* Locations.plist in Resources */,
				28ACD5FD1826B49D001D8573 /* bluecircle.png in Resources */,
				C4AFE0FD182508520003135A /* InfoPlist.strings in Resources */,
				C4AFE106182508520003135A /* Main.storyboard in Resources */,
				E2894E931826ABFC0054F5D3 /* rain.gpx in Resources */,
			);
			runOnlyForDeploymentPostprocessing = 0;
		};
		C4AFE10E182508520003135A /* Resources */ = {
			isa = PBXResourcesBuildPhase;
			buildActionMask = 2147483647;
			files = (
				C4AFE11C182508520003135A /* InfoPlist.strings in Resources */,
				C4AFE14018250B810003135A /* Locations.plist in Resources */,
			);
			runOnlyForDeploymentPostprocessing = 0;
		};
/* End PBXResourcesBuildPhase section */

/* Begin PBXSourcesBuildPhase section */
		C4AFE0EB182508520003135A /* Sources */ = {
			isa = PBXSourcesBuildPhase;
			buildActionMask = 2147483647;
			files = (
				28ACD5F618267AD2001D8573 /* UIImage+GIF.m in Sources */,
				28ACD5F318267AD2001D8573 /* SDWebImageManager.m in Sources */,
				28ACD5F218267AD2001D8573 /* SDWebImageDownloaderOperation.m in Sources */,
				C40D67E91826223500CF0CCD /* PBCaptureViewController.m in Sources */,
				28ACD5EE18267AD2001D8573 /* SDImageCache.m in Sources */,
				28ACD5EC18267AD2001D8573 /* MKAnnotationView+WebCache.m in Sources */,
				C4AFE109182508520003135A /* ViewController.m in Sources */,
				28ACD5F718267AD2001D8573 /* UIImage+MultiFormat.m in Sources */,
				28BC6AE218261DC200ACBFBC /* SKCluster.m in Sources */,
				C40FFB011825677E00E75793 /* WhatsHotViewController.m in Sources */,
				C40FFAFE1825647D00E75793 /* ZoomAnimationController.m in Sources */,
				28ACD5F818267AD2001D8573 /* UIImage+WebP.m in Sources */,
				28ACD5F418267AD2001D8573 /* SDWebImagePrefetcher.m in Sources */,
				28BC6ADF1826108100ACBFBC /* PBServerConnector.m in Sources */,
				C4AFE103182508520003135A /* AppDelegate.m in Sources */,
				C4AFE13018250A860003135A /* Annotation.m in Sources */,
				28ACD5EF18267AD2001D8573 /* SDWebImageCompat.m in Sources */,
				C40FFAFD1825647D00E75793 /* DropAnimationController.m in Sources */,
				28ACD5F018267AD2001D8573 /* SDWebImageDecoder.m in Sources */,
				C40D67B21825FB6F00CF0CCD /* TimelineDetailViewController.m in Sources */,
				28ACD5F518267AD2001D8573 /* UIButton+WebCache.m in Sources */,
				C40D67E518261F5300CF0CCD /* PBAPI.m in Sources */,
				C46608EE1825DA1B00061499 /* TimelineCell.m in Sources */,
				C4AFE0FF182508520003135A /* main.m in Sources */,
				28ACD5ED18267AD2001D8573 /* NSData+GIF.m in Sources */,
				C477E0741825D75600E5C230 /* TimelineViewController.m in Sources */,
				28ACD5F918267AD2001D8573 /* UIImageView+WebCache.m in Sources */,
				28ACD5F118267AD2001D8573 /* SDWebImageDownloader.m in Sources */,
				286B708418265FE300B88813 /* SKMapAnnotation.m in Sources */,
			);
			runOnlyForDeploymentPostprocessing = 0;
		};
		C4AFE10C182508520003135A /* Sources */ = {
			isa = PBXSourcesBuildPhase;
			buildActionMask = 2147483647;
			files = (
				C40D67E618261F5300CF0CCD /* PBAPI.m in Sources */,
				C4AFE13118250A860003135A /* Annotation.m in Sources */,
				C40D67EA1826223500CF0CCD /* PBCaptureViewController.m in Sources */,
				C4AFE11E182508520003135A /* PlacebookTests.m in Sources */,
				C46608EF1825DA1B00061499 /* TimelineCell.m in Sources */,
				C477E0751825D75600E5C230 /* TimelineViewController.m in Sources */,
			);
			runOnlyForDeploymentPostprocessing = 0;
		};
/* End PBXSourcesBuildPhase section */

/* Begin PBXTargetDependency section */
		C4AFE116182508520003135A /* PBXTargetDependency */ = {
			isa = PBXTargetDependency;
			target = C4AFE0EE182508520003135A /* Placebook */;
			targetProxy = C4AFE115182508520003135A /* PBXContainerItemProxy */;
		};
/* End PBXTargetDependency section */

/* Begin PBXVariantGroup section */
		C4AFE0FB182508520003135A /* InfoPlist.strings */ = {
			isa = PBXVariantGroup;
			children = (
				C4AFE0FC182508520003135A /* en */,
			);
			name = InfoPlist.strings;
			sourceTree = "<group>";
		};
		C4AFE104182508520003135A /* Main.storyboard */ = {
			isa = PBXVariantGroup;
			children = (
				C4AFE105182508520003135A /* Base */,
			);
			name = Main.storyboard;
			sourceTree = "<group>";
		};
		C4AFE11A182508520003135A /* InfoPlist.strings */ = {
			isa = PBXVariantGroup;
			children = (
				C4AFE11B182508520003135A /* en */,
			);
			name = InfoPlist.strings;
			sourceTree = "<group>";
		};
/* End PBXVariantGroup section */

/* Begin XCBuildConfiguration section */
		C4AFE11F182508520003135A /* Debug */ = {
			isa = XCBuildConfiguration;
			buildSettings = {
				ALWAYS_SEARCH_USER_PATHS = NO;
				ARCHS = "$(ARCHS_STANDARD_INCLUDING_64_BIT)";
				CLANG_CXX_LANGUAGE_STANDARD = "gnu++0x";
				CLANG_CXX_LIBRARY = "libc++";
				CLANG_ENABLE_MODULES = YES;
				CLANG_ENABLE_OBJC_ARC = YES;
				CLANG_WARN_BOOL_CONVERSION = YES;
				CLANG_WARN_CONSTANT_CONVERSION = YES;
				CLANG_WARN_DIRECT_OBJC_ISA_USAGE = YES_ERROR;
				CLANG_WARN_EMPTY_BODY = YES;
				CLANG_WARN_ENUM_CONVERSION = YES;
				CLANG_WARN_INT_CONVERSION = YES;
				CLANG_WARN_OBJC_ROOT_CLASS = YES_ERROR;
				CLANG_WARN__DUPLICATE_METHOD_MATCH = YES;
				"CODE_SIGN_IDENTITY[sdk=iphoneos*]" = "iPhone Developer";
				COPY_PHASE_STRIP = NO;
				GCC_C_LANGUAGE_STANDARD = gnu99;
				GCC_DYNAMIC_NO_PIC = NO;
				GCC_OPTIMIZATION_LEVEL = 0;
				GCC_PREPROCESSOR_DEFINITIONS = (
					"DEBUG=1",
					"$(inherited)",
				);
				GCC_SYMBOLS_PRIVATE_EXTERN = NO;
				GCC_WARN_64_TO_32_BIT_CONVERSION = YES;
				GCC_WARN_ABOUT_RETURN_TYPE = YES_ERROR;
				GCC_WARN_UNDECLARED_SELECTOR = YES;
				GCC_WARN_UNINITIALIZED_AUTOS = YES;
				GCC_WARN_UNUSED_FUNCTION = YES;
				GCC_WARN_UNUSED_VARIABLE = YES;
				IPHONEOS_DEPLOYMENT_TARGET = 7.0;
				ONLY_ACTIVE_ARCH = YES;
				SDKROOT = iphoneos;
			};
			name = Debug;
		};
		C4AFE120182508520003135A /* Release */ = {
			isa = XCBuildConfiguration;
			buildSettings = {
				ALWAYS_SEARCH_USER_PATHS = NO;
				ARCHS = "$(ARCHS_STANDARD_INCLUDING_64_BIT)";
				CLANG_CXX_LANGUAGE_STANDARD = "gnu++0x";
				CLANG_CXX_LIBRARY = "libc++";
				CLANG_ENABLE_MODULES = YES;
				CLANG_ENABLE_OBJC_ARC = YES;
				CLANG_WARN_BOOL_CONVERSION = YES;
				CLANG_WARN_CONSTANT_CONVERSION = YES;
				CLANG_WARN_DIRECT_OBJC_ISA_USAGE = YES_ERROR;
				CLANG_WARN_EMPTY_BODY = YES;
				CLANG_WARN_ENUM_CONVERSION = YES;
				CLANG_WARN_INT_CONVERSION = YES;
				CLANG_WARN_OBJC_ROOT_CLASS = YES_ERROR;
				CLANG_WARN__DUPLICATE_METHOD_MATCH = YES;
				"CODE_SIGN_IDENTITY[sdk=iphoneos*]" = "iPhone Developer";
				COPY_PHASE_STRIP = YES;
				ENABLE_NS_ASSERTIONS = NO;
				GCC_C_LANGUAGE_STANDARD = gnu99;
				GCC_WARN_64_TO_32_BIT_CONVERSION = YES;
				GCC_WARN_ABOUT_RETURN_TYPE = YES_ERROR;
				GCC_WARN_UNDECLARED_SELECTOR = YES;
				GCC_WARN_UNINITIALIZED_AUTOS = YES;
				GCC_WARN_UNUSED_FUNCTION = YES;
				GCC_WARN_UNUSED_VARIABLE = YES;
				IPHONEOS_DEPLOYMENT_TARGET = 7.0;
				SDKROOT = iphoneos;
				VALIDATE_PRODUCT = YES;
			};
			name = Release;
		};
		C4AFE122182508520003135A /* Debug */ = {
			isa = XCBuildConfiguration;
			buildSettings = {
				ASSETCATALOG_COMPILER_APPICON_NAME = AppIcon;
				ASSETCATALOG_COMPILER_LAUNCHIMAGE_NAME = LaunchImage;
				CODE_SIGN_IDENTITY = "iPhone Developer: Thomas Arnfeld (NB2L8PT3NW)";
				FRAMEWORK_SEARCH_PATHS = (
					"$(inherited)",
					/Users/Shaun/placebook/Placebook,
				);
				GCC_PRECOMPILE_PREFIX_HEADER = YES;
				GCC_PREFIX_HEADER = "Placebook/Placebook-Prefix.pch";
				HEADER_SEARCH_PATHS = (
					"$(inherited)",
					/Applications/Xcode.app/Contents/Developer/Toolchains/XcodeDefault.xctoolchain/usr/include,
				);
				INFOPLIST_FILE = "Placebook/Placebook-Info.plist";
				OTHER_LDFLAGS = "-ObjC";
				PRODUCT_NAME = "$(TARGET_NAME)";
				WRAPPER_EXTENSION = app;
			};
			name = Debug;
		};
		C4AFE123182508520003135A /* Release */ = {
			isa = XCBuildConfiguration;
			buildSettings = {
				ASSETCATALOG_COMPILER_APPICON_NAME = AppIcon;
				ASSETCATALOG_COMPILER_LAUNCHIMAGE_NAME = LaunchImage;
				CODE_SIGN_IDENTITY = "iPhone Developer: Thomas Arnfeld (NB2L8PT3NW)";
				FRAMEWORK_SEARCH_PATHS = (
					"$(inherited)",
					/Users/Shaun/placebook/Placebook,
				);
				GCC_PRECOMPILE_PREFIX_HEADER = YES;
				GCC_PREFIX_HEADER = "Placebook/Placebook-Prefix.pch";
				HEADER_SEARCH_PATHS = (
					"$(inherited)",
					/Applications/Xcode.app/Contents/Developer/Toolchains/XcodeDefault.xctoolchain/usr/include,
				);
				INFOPLIST_FILE = "Placebook/Placebook-Info.plist";
				OTHER_LDFLAGS = "-ObjC";
				PRODUCT_NAME = "$(TARGET_NAME)";
				WRAPPER_EXTENSION = app;
			};
			name = Release;
		};
		C4AFE125182508520003135A /* Debug */ = {
			isa = XCBuildConfiguration;
			buildSettings = {
				ARCHS = "$(ARCHS_STANDARD_INCLUDING_64_BIT)";
				BUNDLE_LOADER = "$(BUILT_PRODUCTS_DIR)/Placebook.app/Placebook";
				FRAMEWORK_SEARCH_PATHS = (
					"$(SDKROOT)/Developer/Library/Frameworks",
					"$(inherited)",
					"$(DEVELOPER_FRAMEWORKS_DIR)",
				);
				GCC_PRECOMPILE_PREFIX_HEADER = YES;
				GCC_PREFIX_HEADER = "Placebook/Placebook-Prefix.pch";
				GCC_PREPROCESSOR_DEFINITIONS = (
					"DEBUG=1",
					"$(inherited)",
				);
				INFOPLIST_FILE = "PlacebookTests/PlacebookTests-Info.plist";
				PRODUCT_NAME = "$(TARGET_NAME)";
				TEST_HOST = "$(BUNDLE_LOADER)";
				WRAPPER_EXTENSION = xctest;
			};
			name = Debug;
		};
		C4AFE126182508520003135A /* Release */ = {
			isa = XCBuildConfiguration;
			buildSettings = {
				ARCHS = "$(ARCHS_STANDARD_INCLUDING_64_BIT)";
				BUNDLE_LOADER = "$(BUILT_PRODUCTS_DIR)/Placebook.app/Placebook";
				FRAMEWORK_SEARCH_PATHS = (
					"$(SDKROOT)/Developer/Library/Frameworks",
					"$(inherited)",
					"$(DEVELOPER_FRAMEWORKS_DIR)",
				);
				GCC_PRECOMPILE_PREFIX_HEADER = YES;
				GCC_PREFIX_HEADER = "Placebook/Placebook-Prefix.pch";
				INFOPLIST_FILE = "PlacebookTests/PlacebookTests-Info.plist";
				PRODUCT_NAME = "$(TARGET_NAME)";
				TEST_HOST = "$(BUNDLE_LOADER)";
				WRAPPER_EXTENSION = xctest;
			};
			name = Release;
		};
/* End XCBuildConfiguration section */

/* Begin XCConfigurationList section */
		C4AFE0EA182508520003135A /* Build configuration list for PBXProject "Placebook" */ = {
			isa = XCConfigurationList;
			buildConfigurations = (
				C4AFE11F182508520003135A /* Debug */,
				C4AFE120182508520003135A /* Release */,
			);
			defaultConfigurationIsVisible = 0;
			defaultConfigurationName = Release;
		};
		C4AFE121182508520003135A /* Build configuration list for PBXNativeTarget "Placebook" */ = {
			isa = XCConfigurationList;
			buildConfigurations = (
				C4AFE122182508520003135A /* Debug */,
				C4AFE123182508520003135A /* Release */,
			);
			defaultConfigurationIsVisible = 0;
			defaultConfigurationName = Release;
		};
		C4AFE124182508520003135A /* Build configuration list for PBXNativeTarget "PlacebookTests" */ = {
			isa = XCConfigurationList;
			buildConfigurations = (
				C4AFE125182508520003135A /* Debug */,
				C4AFE126182508520003135A /* Release */,
			);
			defaultConfigurationIsVisible = 0;
			defaultConfigurationName = Release;
		};
/* End XCConfigurationList section */
	};
	rootObject = C4AFE0E7182508520003135A /* Project object */;
}
